// !$*UTF8*$!
{
	archiveVersion = 1;
	classes = {
	};
	objectVersion = 56;
	objects = {

/* Begin PBXBuildFile section */
		E42DB71E2E0C005A0076EFA9 /* app.js in Resources */ = {isa = PBXBuildFile; fileRef = E42DB71B2E0C005A0076EFA9 /* app.js */; };
		E42DB71F2E0C005A0076EFA9 /* index.html in Resources */ = {isa = PBXBuildFile; fileRef = E42DB71C2E0C005A0076EFA9 /* index.html */; };
		E42DB7202E0C005A0076EFA9 /* style.css in Resources */ = {isa = PBXBuildFile; fileRef = E42DB71D2E0C005A0076EFA9 /* style.css */; };
		E44F4AD72E0AD87E009FC313 /* miss_saraApp.swift in Sources */ = {isa = PBXBuildFile; fileRef = E44F4AD62E0AD87E009FC313 /* miss_saraApp.swift */; };
		E44F4AD92E0AD87E009FC313 /* ContentView.swift in Sources */ = {isa = PBXBuildFile; fileRef = E44F4AD82E0AD87E009FC313 /* ContentView.swift */; };
		E44F4ADB2E0AD87F009FC313 /* Assets.xcassets in Resources */ = {isa = PBXBuildFile; fileRef = E44F4ADA2E0AD87F009FC313 /* Assets.xcassets */; };
		E44F4ADE2E0AD87F009FC313 /* Preview Assets.xcassets in Resources */ = {isa = PBXBuildFile; fileRef = E44F4ADD2E0AD87F009FC313 /* Preview Assets.xcassets */; };
		E44F4AE82E0AD87F009FC313 /* miss_saraTests.swift in Sources */ = {isa = PBXBuildFile; fileRef = E44F4AE72E0AD87F009FC313 /* miss_saraTests.swift */; };
		E44F4AF22E0AD87F009FC313 /* miss_saraUITests.swift in Sources */ = {isa = PBXBuildFile; fileRef = E44F4AF12E0AD87F009FC313 /* miss_saraUITests.swift */; };
		E44F4AF42E0AD87F009FC313 /* miss_saraUITestsLaunchTests.swift in Sources */ = {isa = PBXBuildFile; fileRef = E44F4AF32E0AD87F009FC313 /* miss_saraUITestsLaunchTests.swift */; };
		E44F4B072E0ADF9F009FC313 /* WebView.swift in Sources */ = {isa = PBXBuildFile; fileRef = E44F4B062E0ADF9F009FC313 /* WebView.swift */; };
		E44F4B092E0AE0EC009FC313 /* student.swift in Sources */ = {isa = PBXBuildFile; fileRef = E44F4B082E0AE0EC009FC313 /* student.swift */; };
/* End PBXBuildFile section */

/* Begin PBXContainerItemProxy section */
		E44F4AE42E0AD87F009FC313 /* PBXContainerItemProxy */ = {
			isa = PBXContainerItemProxy;
			containerPortal = E44F4ACB2E0AD87E009FC313 /* Project object */;
			proxyType = 1;
			remoteGlobalIDString = E44F4AD22E0AD87E009FC313;
			remoteInfo = miss_sara;
		};
		E44F4AEE2E0AD87F009FC313 /* PBXContainerItemProxy */ = {
			isa = PBXContainerItemProxy;
			containerPortal = E44F4ACB2E0AD87E009FC313 /* Project object */;
			proxyType = 1;
			remoteGlobalIDString = E44F4AD22E0AD87E009FC313;
			remoteInfo = miss_sara;
		};
/* End PBXContainerItemProxy section */

/* Begin PBXFileReference section */
		E42DB71B2E0C005A0076EFA9 /* app.js */ = {isa = PBXFileReference; lastKnownFileType = sourcecode.javascript; path = app.js; sourceTree = "<group>"; };
		E42DB71C2E0C005A0076EFA9 /* index.html */ = {isa = PBXFileReference; lastKnownFileType = text.html; path = index.html; sourceTree = "<group>"; };
		E42DB71D2E0C005A0076EFA9 /* style.css */ = {isa = PBXFileReference; lastKnownFileType = text.css; path = style.css; sourceTree = "<group>"; };
		E44F4AD32E0AD87E009FC313 /* miss_sara.app */ = {isa = PBXFileReference; explicitFileType = wrapper.application; includeInIndex = 0; path = miss_sara.app; sourceTree = BUILT_PRODUCTS_DIR; };
		E44F4AD62E0AD87E009FC313 /* miss_saraApp.swift */ = {isa = PBXFileReference; lastKnownFileType = sourcecode.swift; path = miss_saraApp.swift; sourceTree = "<group>"; };
		E44F4AD82E0AD87E009FC313 /* ContentView.swift */ = {isa = PBXFileReference; lastKnownFileType = sourcecode.swift; path = ContentView.swift; sourceTree = "<group>"; };
		E44F4ADA2E0AD87F009FC313 /* Assets.xcassets */ = {isa = PBXFileReference; lastKnownFileType = folder.assetcatalog; path = Assets.xcassets; sourceTree = "<group>"; };
		E44F4ADD2E0AD87F009FC313 /* Preview Assets.xcassets */ = {isa = PBXFileReference; lastKnownFileType = folder.assetcatalog; path = "Preview Assets.xcassets"; sourceTree = "<group>"; };
		E44F4AE32E0AD87F009FC313 /* miss_saraTests.xctest */ = {isa = PBXFileReference; explicitFileType = wrapper.cfbundle; includeInIndex = 0; path = miss_saraTests.xctest; sourceTree = BUILT_PRODUCTS_DIR; };
		E44F4AE72E0AD87F009FC313 /* miss_saraTests.swift */ = {isa = PBXFileReference; lastKnownFileType = sourcecode.swift; path = miss_saraTests.swift; sourceTree = "<group>"; };
		E44F4AED2E0AD87F009FC313 /* miss_saraUITests.xctest */ = {isa = PBXFileReference; explicitFileType = wrapper.cfbundle; includeInIndex = 0; path = miss_saraUITests.xctest; sourceTree = BUILT_PRODUCTS_DIR; };
		E44F4AF12E0AD87F009FC313 /* miss_saraUITests.swift */ = {isa = PBXFileReference; lastKnownFileType = sourcecode.swift; path = miss_saraUITests.swift; sourceTree = "<group>"; };
		E44F4AF32E0AD87F009FC313 /* miss_saraUITestsLaunchTests.swift */ = {isa = PBXFileReference; lastKnownFileType = sourcecode.swift; path = miss_saraUITestsLaunchTests.swift; sourceTree = "<group>"; };
		E44F4B062E0ADF9F009FC313 /* WebView.swift */ = {isa = PBXFileReference; lastKnownFileType = sourcecode.swift; path = WebView.swift; sourceTree = "<group>"; };
		E44F4B082E0AE0EC009FC313 /* student.swift */ = {isa = PBXFileReference; lastKnownFileType = sourcecode.swift; path = student.swift; sourceTree = "<group>"; };
/* End PBXFileReference section */

/* Begin PBXFrameworksBuildPhase section */
		E44F4AD02E0AD87E009FC313 /* Frameworks */ = {
			isa = PBXFrameworksBuildPhase;
			buildActionMask = 2147483647;
			files = (
			);
			runOnlyForDeploymentPostprocessing = 0;
		};
		E44F4AE02E0AD87F009FC313 /* Frameworks */ = {
			isa = PBXFrameworksBuildPhase;
			buildActionMask = 2147483647;
			files = (
			);
			runOnlyForDeploymentPostprocessing = 0;
		};
		E44F4AEA2E0AD87F009FC313 /* Frameworks */ = {
			isa = PBXFrameworksBuildPhase;
			buildActionMask = 2147483647;
			files = (
			);
			runOnlyForDeploymentPostprocessing = 0;
		};
/* End PBXFrameworksBuildPhase section */

/* Begin PBXGroup section */
		E44F4ACA2E0AD87E009FC313 = {
			isa = PBXGroup;
			children = (
				E44F4AD52E0AD87E009FC313 /* miss_sara */,
				E44F4AE62E0AD87F009FC313 /* miss_saraTests */,
				E44F4AF02E0AD87F009FC313 /* miss_saraUITests */,
				E44F4AD42E0AD87E009FC313 /* Products */,
			);
			sourceTree = "<group>";
		};
		E44F4AD42E0AD87E009FC313 /* Products */ = {
			isa = PBXGroup;
			children = (
				E44F4AD32E0AD87E009FC313 /* miss_sara.app */,
				E44F4AE32E0AD87F009FC313 /* miss_saraTests.xctest */,
				E44F4AED2E0AD87F009FC313 /* miss_saraUITests.xctest */,
			);
			name = Products;
			sourceTree = "<group>";
		};
		E44F4AD52E0AD87E009FC313 /* miss_sara */ = {
			isa = PBXGroup;
			children = (
				E42DB71B2E0C005A0076EFA9 /* app.js */,
				E42DB71C2E0C005A0076EFA9 /* index.html */,
				E42DB71D2E0C005A0076EFA9 /* style.css */,
				E44F4AD62E0AD87E009FC313 /* miss_saraApp.swift */,
				E44F4B062E0ADF9F009FC313 /* WebView.swift */,
				E44F4AD82E0AD87E009FC313 /* ContentView.swift */,
				E44F4ADA2E0AD87F009FC313 /* Assets.xcassets */,
				E44F4ADC2E0AD87F009FC313 /* Preview Content */,
				E44F4B082E0AE0EC009FC313 /* student.swift */,
			);
			path = miss_sara;
			sourceTree = "<group>";
		};
		E44F4ADC2E0AD87F009FC313 /* Preview Content */ = {
			isa = PBXGroup;
			children = (
				E44F4ADD2E0AD87F009FC313 /* Preview Assets.xcassets */,
			);
			path = "Preview Content";
			sourceTree = "<group>";
		};
		E44F4AE62E0AD87F009FC313 /* miss_saraTests */ = {
			isa = PBXGroup;
			children = (
				E44F4AE72E0AD87F009FC313 /* miss_saraTests.swift */,
			);
			path = miss_saraTests;
			sourceTree = "<group>";
		};
		E44F4AF02E0AD87F009FC313 /* miss_saraUITests */ = {
			isa = PBXGroup;
			children = (
				E44F4AF12E0AD87F009FC313 /* miss_saraUITests.swift */,
				E44F4AF32E0AD87F009FC313 /* miss_saraUITestsLaunchTests.swift */,
			);
			path = miss_saraUITests;
			sourceTree = "<group>";
		};
/* End PBXGroup section */

/* Begin PBXNativeTarget section */
		E44F4AD22E0AD87E009FC313 /* miss_sara */ = {
			isa = PBXNativeTarget;
			buildConfigurationList = E44F4AF72E0AD87F009FC313 /* Build configuration list for PBXNativeTarget "miss_sara" */;
			buildPhases = (
				E44F4ACF2E0AD87E009FC313 /* Sources */,
				E44F4AD02E0AD87E009FC313 /* Frameworks */,
				E44F4AD12E0AD87E009FC313 /* Resources */,
			);
			buildRules = (
			);
			dependencies = (
			);
			name = miss_sara;
			productName = miss_sara;
			productReference = E44F4AD32E0AD87E009FC313 /* miss_sara.app */;
			productType = "com.apple.product-type.application";
		};
		E44F4AE22E0AD87F009FC313 /* miss_saraTests */ = {
			isa = PBXNativeTarget;
			buildConfigurationList = E44F4AFA2E0AD87F009FC313 /* Build configuration list for PBXNativeTarget "miss_saraTests" */;
			buildPhases = (
				E44F4ADF2E0AD87F009FC313 /* Sources */,
				E44F4AE02E0AD87F009FC313 /* Frameworks */,
				E44F4AE12E0AD87F009FC313 /* Resources */,
			);
			buildRules = (
			);
			dependencies = (
				E44F4AE52E0AD87F009FC313 /* PBXTargetDependency */,
			);
			name = miss_saraTests;
			productName = miss_saraTests;
			productReference = E44F4AE32E0AD87F009FC313 /* miss_saraTests.xctest */;
			productType = "com.apple.product-type.bundle.unit-test";
		};
		E44F4AEC2E0AD87F009FC313 /* miss_saraUITests */ = {
			isa = PBXNativeTarget;
			buildConfigurationList = E44F4AFD2E0AD87F009FC313 /* Build configuration list for PBXNativeTarget "miss_saraUITests" */;
			buildPhases = (
				E44F4AE92E0AD87F009FC313 /* Sources */,
				E44F4AEA2E0AD87F009FC313 /* Frameworks */,
				E44F4AEB2E0AD87F009FC313 /* Resources */,
			);
			buildRules = (
			);
			dependencies = (
				E44F4AEF2E0AD87F009FC313 /* PBXTargetDependency */,
			);
			name = miss_saraUITests;
			productName = miss_saraUITests;
			productReference = E44F4AED2E0AD87F009FC313 /* miss_saraUITests.xctest */;
			productType = "com.apple.product-type.bundle.ui-testing";
		};
/* End PBXNativeTarget section */

/* Begin PBXProject section */
		E44F4ACB2E0AD87E009FC313 /* Project object */ = {
			isa = PBXProject;
			attributes = {
				BuildIndependentTargetsInParallel = 1;
				LastSwiftUpdateCheck = 1430;
				LastUpgradeCheck = 1640;
				TargetAttributes = {
					E44F4AD22E0AD87E009FC313 = {
						CreatedOnToolsVersion = 14.3.1;
					};
					E44F4AE22E0AD87F009FC313 = {
						CreatedOnToolsVersion = 14.3.1;
						TestTargetID = E44F4AD22E0AD87E009FC313;
					};
					E44F4AEC2E0AD87F009FC313 = {
						CreatedOnToolsVersion = 14.3.1;
						TestTargetID = E44F4AD22E0AD87E009FC313;
					};
				};
			};
			buildConfigurationList = E44F4ACE2E0AD87E009FC313 /* Build configuration list for PBXProject "miss_sara" */;
			compatibilityVersion = "Xcode 14.0";
			developmentRegion = en;
			hasScannedForEncodings = 0;
			knownRegions = (
				en,
				Base,
			);
			mainGroup = E44F4ACA2E0AD87E009FC313;
			productRefGroup = E44F4AD42E0AD87E009FC313 /* Products */;
			projectDirPath = "";
			projectRoot = "";
			targets = (
				E44F4AD22E0AD87E009FC313 /* miss_sara */,
				E44F4AE22E0AD87F009FC313 /* miss_saraTests */,
				E44F4AEC2E0AD87F009FC313 /* miss_saraUITests */,
			);
		};
/* End PBXProject section */

/* Begin PBXResourcesBuildPhase section */
		E44F4AD12E0AD87E009FC313 /* Resources */ = {
			isa = PBXResourcesBuildPhase;
			buildActionMask = 2147483647;
			files = (
				E44F4ADE2E0AD87F009FC313 /* Preview Assets.xcassets in Resources */,
				E42DB71E2E0C005A0076EFA9 /* app.js in Resources */,
				E42DB71F2E0C005A0076EFA9 /* index.html in Resources */,
				E42DB7202E0C005A0076EFA9 /* style.css in Resources */,
				E44F4ADB2E0AD87F009FC313 /* Assets.xcassets in Resources */,
			);
			runOnlyForDeploymentPostprocessing = 0;
		};
		E44F4AE12E0AD87F009FC313 /* Resources */ = {
			isa = PBXResourcesBuildPhase;
			buildActionMask = 2147483647;
			files = (
			);
			runOnlyForDeploymentPostprocessing = 0;
		};
		E44F4AEB2E0AD87F009FC313 /* Resources */ = {
			isa = PBXResourcesBuildPhase;
			buildActionMask = 2147483647;
			files = (
			);
			runOnlyForDeploymentPostprocessing = 0;
		};
/* End PBXResourcesBuildPhase section */

/* Begin PBXSourcesBuildPhase section */
		E44F4ACF2E0AD87E009FC313 /* Sources */ = {
			isa = PBXSourcesBuildPhase;
			buildActionMask = 2147483647;
			files = (
				E44F4B072E0ADF9F009FC313 /* WebView.swift in Sources */,
				E44F4AD92E0AD87E009FC313 /* ContentView.swift in Sources */,
				E44F4AD72E0AD87E009FC313 /* miss_saraApp.swift in Sources */,
				E44F4B092E0AE0EC009FC313 /* student.swift in Sources */,
			);
			runOnlyForDeploymentPostprocessing = 0;
		};
		E44F4ADF2E0AD87F009FC313 /* Sources */ = {
			isa = PBXSourcesBuildPhase;
			buildActionMask = 2147483647;
			files = (
				E44F4AE82E0AD87F009FC313 /* miss_saraTests.swift in Sources */,
			);
			runOnlyForDeploymentPostprocessing = 0;
		};
		E44F4AE92E0AD87F009FC313 /* Sources */ = {
			isa = PBXSourcesBuildPhase;
			buildActionMask = 2147483647;
			files = (
				E44F4AF22E0AD87F009FC313 /* miss_saraUITests.swift in Sources */,
				E44F4AF42E0AD87F009FC313 /* miss_saraUITestsLaunchTests.swift in Sources */,
			);
			runOnlyForDeploymentPostprocessing = 0;
		};
/* End PBXSourcesBuildPhase section */

/* Begin PBXTargetDependency section */
		E44F4AE52E0AD87F009FC313 /* PBXTargetDependency */ = {
			isa = PBXTargetDependency;
			target = E44F4AD22E0AD87E009FC313 /* miss_sara */;
			targetProxy = E44F4AE42E0AD87F009FC313 /* PBXContainerItemProxy */;
		};
		E44F4AEF2E0AD87F009FC313 /* PBXTargetDependency */ = {
			isa = PBXTargetDependency;
			target = E44F4AD22E0AD87E009FC313 /* miss_sara */;
			targetProxy = E44F4AEE2E0AD87F009FC313 /* PBXContainerItemProxy */;
		};
/* End PBXTargetDependency section */

/* Begin XCBuildConfiguration section */
		E44F4AF52E0AD87F009FC313 /* Debug */ = {
			isa = XCBuildConfiguration;
			buildSettings = {
				ALWAYS_SEARCH_USER_PATHS = NO;
				CLANG_ANALYZER_NONNULL = YES;
				CLANG_ANALYZER_NUMBER_OBJECT_CONVERSION = YES_AGGRESSIVE;
				CLANG_CXX_LANGUAGE_STANDARD = "gnu++20";
				CLANG_ENABLE_MODULES = YES;
				CLANG_ENABLE_OBJC_ARC = YES;
				CLANG_ENABLE_OBJC_WEAK = YES;
				CLANG_WARN_BLOCK_CAPTURE_AUTORELEASING = YES;
				CLANG_WARN_BOOL_CONVERSION = YES;
				CLANG_WARN_COMMA = YES;
				CLANG_WARN_CONSTANT_CONVERSION = YES;
				CLANG_WARN_DEPRECATED_OBJC_IMPLEMENTATIONS = YES;
				CLANG_WARN_DIRECT_OBJC_ISA_USAGE = YES_ERROR;
				CLANG_WARN_DOCUMENTATION_COMMENTS = YES;
				CLANG_WARN_EMPTY_BODY = YES;
				CLANG_WARN_ENUM_CONVERSION = YES;
				CLANG_WARN_INFINITE_RECURSION = YES;
				CLANG_WARN_INT_CONVERSION = YES;
				CLANG_WARN_NON_LITERAL_NULL_CONVERSION = YES;
				CLANG_WARN_OBJC_IMPLICIT_RETAIN_SELF = YES;
				CLANG_WARN_OBJC_LITERAL_CONVERSION = YES;
				CLANG_WARN_OBJC_ROOT_CLASS = YES_ERROR;
				CLANG_WARN_QUOTED_INCLUDE_IN_FRAMEWORK_HEADER = YES;
				CLANG_WARN_RANGE_LOOP_ANALYSIS = YES;
				CLANG_WARN_STRICT_PROTOTYPES = YES;
				CLANG_WARN_SUSPICIOUS_MOVE = YES;
				CLANG_WARN_UNGUARDED_AVAILABILITY = YES_AGGRESSIVE;
				CLANG_WARN_UNREACHABLE_CODE = YES;
				CLANG_WARN__DUPLICATE_METHOD_MATCH = YES;
				COPY_PHASE_STRIP = NO;
				DEBUG_INFORMATION_FORMAT = dwarf;
				ENABLE_STRICT_OBJC_MSGSEND = YES;
				ENABLE_TESTABILITY = YES;
				ENABLE_USER_SCRIPT_SANDBOXING = YES;
				GCC_C_LANGUAGE_STANDARD = gnu11;
				GCC_DYNAMIC_NO_PIC = NO;
				GCC_NO_COMMON_BLOCKS = YES;
				GCC_OPTIMIZATION_LEVEL = 0;
				GCC_PREPROCESSOR_DEFINITIONS = (
					"DEBUG=1",
					"$(inherited)",
				);
				GCC_WARN_64_TO_32_BIT_CONVERSION = YES;
				GCC_WARN_ABOUT_RETURN_TYPE = YES_ERROR;
				GCC_WARN_UNDECLARED_SELECTOR = YES;
				GCC_WARN_UNINITIALIZED_AUTOS = YES_AGGRESSIVE;
				GCC_WARN_UNUSED_FUNCTION = YES;
				GCC_WARN_UNUSED_VARIABLE = YES;
				IPHONEOS_DEPLOYMENT_TARGET = 16.4;
				MTL_ENABLE_DEBUG_INFO = INCLUDE_SOURCE;
				MTL_FAST_MATH = YES;
				ONLY_ACTIVE_ARCH = YES;
				SDKROOT = iphoneos;
				SWIFT_ACTIVE_COMPILATION_CONDITIONS = DEBUG;
				SWIFT_OPTIMIZATION_LEVEL = "-Onone";
			};
			name = Debug;
		};
		E44F4AF62E0AD87F009FC313 /* Release */ = {
			isa = XCBuildConfiguration;
			buildSettings = {
				ALWAYS_SEARCH_USER_PATHS = NO;
				CLANG_ANALYZER_NONNULL = YES;
				CLANG_ANALYZER_NUMBER_OBJECT_CONVERSION = YES_AGGRESSIVE;
				CLANG_CXX_LANGUAGE_STANDARD = "gnu++20";
				CLANG_ENABLE_MODULES = YES;
				CLANG_ENABLE_OBJC_ARC = YES;
				CLANG_ENABLE_OBJC_WEAK = YES;
				CLANG_WARN_BLOCK_CAPTURE_AUTORELEASING = YES;
				CLANG_WARN_BOOL_CONVERSION = YES;
				CLANG_WARN_COMMA = YES;
				CLANG_WARN_CONSTANT_CONVERSION = YES;
				CLANG_WARN_DEPRECATED_OBJC_IMPLEMENTATIONS = YES;
				CLANG_WARN_DIRECT_OBJC_ISA_USAGE = YES_ERROR;
				CLANG_WARN_DOCUMENTATION_COMMENTS = YES;
				CLANG_WARN_EMPTY_BODY = YES;
				CLANG_WARN_ENUM_CONVERSION = YES;
				CLANG_WARN_INFINITE_RECURSION = YES;
				CLANG_WARN_INT_CONVERSION = YES;
				CLANG_WARN_NON_LITERAL_NULL_CONVERSION = YES;
				CLANG_WARN_OBJC_IMPLICIT_RETAIN_SELF = YES;
				CLANG_WARN_OBJC_LITERAL_CONVERSION = YES;
				CLANG_WARN_OBJC_ROOT_CLASS = YES_ERROR;
				CLANG_WARN_QUOTED_INCLUDE_IN_FRAMEWORK_HEADER = YES;
				CLANG_WARN_RANGE_LOOP_ANALYSIS = YES;
				CLANG_WARN_STRICT_PROTOTYPES = YES;
				CLANG_WARN_SUSPICIOUS_MOVE = YES;
				CLANG_WARN_UNGUARDED_AVAILABILITY = YES_AGGRESSIVE;
				CLANG_WARN_UNREACHABLE_CODE = YES;
				CLANG_WARN__DUPLICATE_METHOD_MATCH = YES;
				COPY_PHASE_STRIP = NO;
				DEBUG_INFORMATION_FORMAT = "dwarf-with-dsym";
				ENABLE_NS_ASSERTIONS = NO;
				ENABLE_STRICT_OBJC_MSGSEND = YES;
				ENABLE_USER_SCRIPT_SANDBOXING = YES;
				GCC_C_LANGUAGE_STANDARD = gnu11;
				GCC_NO_COMMON_BLOCKS = YES;
				GCC_WARN_64_TO_32_BIT_CONVERSION = YES;
				GCC_WARN_ABOUT_RETURN_TYPE = YES_ERROR;
				GCC_WARN_UNDECLARED_SELECTOR = YES;
				GCC_WARN_UNINITIALIZED_AUTOS = YES_AGGRESSIVE;
				GCC_WARN_UNUSED_FUNCTION = YES;
				GCC_WARN_UNUSED_VARIABLE = YES;
				IPHONEOS_DEPLOYMENT_TARGET = 16.4;
				MTL_ENABLE_DEBUG_INFO = NO;
				MTL_FAST_MATH = YES;
				SDKROOT = iphoneos;
				SWIFT_COMPILATION_MODE = wholemodule;
				SWIFT_OPTIMIZATION_LEVEL = "-O";
				VALIDATE_PRODUCT = YES;
			};
			name = Release;
		};
		E44F4AF82E0AD87F009FC313 /* Debug */ = {
			isa = XCBuildConfiguration;
			buildSettings = {
				ASSETCATALOG_COMPILER_APPICON_NAME = AppIcon;
				ASSETCATALOG_COMPILER_GLOBAL_ACCENT_COLOR_NAME = AccentColor;
				ASSETCATALOG_COMPILER_INCLUDE_ALL_APPICON_ASSETS = NO;
				CODE_SIGN_STYLE = Automatic;
				CURRENT_PROJECT_VERSION = 1;
				DEVELOPMENT_ASSET_PATHS = "\"miss_sara/Preview Content\"";
				DEVELOPMENT_TEAM = Y75HBC3XS9;
				ENABLE_PREVIEWS = YES;
				GENERATE_INFOPLIST_FILE = YES;
				INFOPLIST_KEY_UIApplicationSceneManifest_Generation = YES;
				INFOPLIST_KEY_UIApplicationSupportsIndirectInputEvents = YES;
				INFOPLIST_KEY_UILaunchScreen_Generation = YES;
				INFOPLIST_KEY_UISupportedInterfaceOrientations_iPad = "UIInterfaceOrientationPortrait UIInterfaceOrientationPortraitUpsideDown UIInterfaceOrientationLandscapeLeft UIInterfaceOrientationLandscapeRight";
				INFOPLIST_KEY_UISupportedInterfaceOrientations_iPhone = "UIInterfaceOrientationPortrait UIInterfaceOrientationLandscapeLeft UIInterfaceOrientationLandscapeRight";
				LD_RUNPATH_SEARCH_PATHS = (
					"$(inherited)",
					"@executable_path/Frameworks",
				);
				MARKETING_VERSION = 1.0;
				PRODUCT_BUNDLE_IDENTIFIER = "csci.miss-sara";
				PRODUCT_NAME = "$(TARGET_NAME)";
				SWIFT_EMIT_LOC_STRINGS = YES;
				SWIFT_VERSION = 5.0;
				TARGETED_DEVICE_FAMILY = "1,2";
			};
			name = Debug;
		};
		E44F4AF92E0AD87F009FC313 /* Release */ = {
			isa = XCBuildConfiguration;
			buildSettings = {
				ASSETCATALOG_COMPILER_APPICON_NAME = AppIcon;
				ASSETCATALOG_COMPILER_GLOBAL_ACCENT_COLOR_NAME = AccentColor;
				ASSETCATALOG_COMPILER_INCLUDE_ALL_APPICON_ASSETS = NO;
				CODE_SIGN_STYLE = Automatic;
				CURRENT_PROJECT_VERSION = 1;
				DEVELOPMENT_ASSET_PATHS = "\"miss_sara/Preview Content\"";
				DEVELOPMENT_TEAM = Y75HBC3XS9;
				ENABLE_PREVIEWS = YES;
				GENERATE_INFOPLIST_FILE = YES;
				INFOPLIST_KEY_UIApplicationSceneManifest_Generation = YES;
				INFOPLIST_KEY_UIApplicationSupportsIndirectInputEvents = YES;
				INFOPLIST_KEY_UILaunchScreen_Generation = YES;
				INFOPLIST_KEY_UISupportedInterfaceOrientations_iPad = "UIInterfaceOrientationPortrait UIInterfaceOrientationPortraitUpsideDown UIInterfaceOrientationLandscapeLeft UIInterfaceOrientationLandscapeRight";
				INFOPLIST_KEY_UISupportedInterfaceOrientations_iPhone = "UIInterfaceOrientationPortrait UIInterfaceOrientationLandscapeLeft UIInterfaceOrientationLandscapeRight";
				LD_RUNPATH_SEARCH_PATHS = (
					"$(inherited)",
					"@executable_path/Frameworks",
				);
				MARKETING_VERSION = 1.0;
				PRODUCT_BUNDLE_IDENTIFIER = "csci.miss-sara";
				PRODUCT_NAME = "$(TARGET_NAME)";
				SWIFT_EMIT_LOC_STRINGS = YES;
				SWIFT_VERSION = 5.0;
				TARGETED_DEVICE_FAMILY = "1,2";
			};
			name = Release;
		};
		E44F4AFB2E0AD87F009FC313 /* Debug */ = {
			isa = XCBuildConfiguration;
			buildSettings = {
				BUNDLE_LOADER = "$(TEST_HOST)";
				CODE_SIGN_STYLE = Automatic;
				CURRENT_PROJECT_VERSION = 1;
				GENERATE_INFOPLIST_FILE = YES;
				IPHONEOS_DEPLOYMENT_TARGET = 16.4;
				MARKETING_VERSION = 1.0;
				PRODUCT_BUNDLE_IDENTIFIER = "csci.miss-saraTests";
				PRODUCT_NAME = "$(TARGET_NAME)";
				SWIFT_EMIT_LOC_STRINGS = NO;
				SWIFT_VERSION = 5.0;
				TARGETED_DEVICE_FAMILY = "1,2";
				TEST_HOST = "$(BUILT_PRODUCTS_DIR)/miss_sara.app/$(BUNDLE_EXECUTABLE_FOLDER_PATH)/miss_sara";
			};
			name = Debug;
		};
		E44F4AFC2E0AD87F009FC313 /* Release */ = {
			isa = XCBuildConfiguration;
			buildSettings = {
				BUNDLE_LOADER = "$(TEST_HOST)";
				CODE_SIGN_STYLE = Automatic;
				CURRENT_PROJECT_VERSION = 1;
				GENERATE_INFOPLIST_FILE = YES;
				IPHONEOS_DEPLOYMENT_TARGET = 16.4;
				MARKETING_VERSION = 1.0;
				PRODUCT_BUNDLE_IDENTIFIER = "csci.miss-saraTests";
				PRODUCT_NAME = "$(TARGET_NAME)";
				SWIFT_EMIT_LOC_STRINGS = NO;
				SWIFT_VERSION = 5.0;
				TARGETED_DEVICE_FAMILY = "1,2";
				TEST_HOST = "$(BUILT_PRODUCTS_DIR)/miss_sara.app/$(BUNDLE_EXECUTABLE_FOLDER_PATH)/miss_sara";
			};
			name = Release;
		};
		E44F4AFE2E0AD87F009FC313 /* Debug */ = {
			isa = XCBuildConfiguration;
			buildSettings = {
				CODE_SIGN_STYLE = Automatic;
				CURRENT_PROJECT_VERSION = 1;
				GENERATE_INFOPLIST_FILE = YES;
				MARKETING_VERSION = 1.0;
				PRODUCT_BUNDLE_IDENTIFIER = "csci.miss-saraUITests";
				PRODUCT_NAME = "$(TARGET_NAME)";
				SWIFT_EMIT_LOC_STRINGS = NO;
				SWIFT_VERSION = 5.0;
				TARGETED_DEVICE_FAMILY = "1,2";
				TEST_TARGET_NAME = miss_sara;
			};
			name = Debug;
		};
		E44F4AFF2E0AD87F009FC313 /* Release */ = {
			isa = XCBuildConfiguration;
			buildSettings = {
				CODE_SIGN_STYLE = Automatic;
				CURRENT_PROJECT_VERSION = 1;
				GENERATE_INFOPLIST_FILE = YES;
				MARKETING_VERSION = 1.0;
				PRODUCT_BUNDLE_IDENTIFIER = "csci.miss-saraUITests";
				PRODUCT_NAME = "$(TARGET_NAME)";
				SWIFT_EMIT_LOC_STRINGS = NO;
				SWIFT_VERSION = 5.0;
				TARGETED_DEVICE_FAMILY = "1,2";
				TEST_TARGET_NAME = miss_sara;
			};
			name = Release;
		};
/* End XCBuildConfiguration section */

/* Begin XCConfigurationList section */
		E44F4ACE2E0AD87E009FC313 /* Build configuration list for PBXProject "miss_sara" */ = {
			isa = XCConfigurationList;
			buildConfigurations = (
				E44F4AF52E0AD87F009FC313 /* Debug */,
				E44F4AF62E0AD87F009FC313 /* Release */,
			);
			defaultConfigurationIsVisible = 0;
			defaultConfigurationName = Release;
		};
		E44F4AF72E0AD87F009FC313 /* Build configuration list for PBXNativeTarget "miss_sara" */ = {
			isa = XCConfigurationList;
			buildConfigurations = (
				E44F4AF82E0AD87F009FC313 /* Debug */,
				E44F4AF92E0AD87F009FC313 /* Release */,
			);
			defaultConfigurationIsVisible = 0;
			defaultConfigurationName = Release;
		};
		E44F4AFA2E0AD87F009FC313 /* Build configuration list for PBXNativeTarget "miss_saraTests" */ = {
			isa = XCConfigurationList;
			buildConfigurations = (
				E44F4AFB2E0AD87F009FC313 /* Debug */,
				E44F4AFC2E0AD87F009FC313 /* Release */,
			);
			defaultConfigurationIsVisible = 0;
			defaultConfigurationName = Release;
		};
		E44F4AFD2E0AD87F009FC313 /* Build configuration list for PBXNativeTarget "miss_saraUITests" */ = {
			isa = XCConfigurationList;
			buildConfigurations = (
				E44F4AFE2E0AD87F009FC313 /* Debug */,
				E44F4AFF2E0AD87F009FC313 /* Release */,
			);
			defaultConfigurationIsVisible = 0;
			defaultConfigurationName = Release;
		};
/* End XCConfigurationList section */
	};
	rootObject = E44F4ACB2E0AD87E009FC313 /* Project object */;
}
